
Microsoft Visual Studio Solution File, Format Version 12.00
# Visual Studio Version 17
VisualStudioVersion = 17.2.32516.85
MinimumVisualStudioVersion = 10.0.40219.1
Project("{9A19103F-16F7-4668-BE54-9A1E7A4F7556}") = "AuditChecklistService", "AuditChecklistService.csproj", "{4C0AF1FB-9935-438E-956A-E27492362DD0}"
EndProject
Project("{9A19103F-16F7-4668-BE54-9A1E7A4F7556}") = "AuditChecklistModule.Testing", "..\Testing_AuditChecklist\AuditChecklistModule.Testing.csproj", "{461D828B-68C1-4C13-A356-69E6953BE54A}"
EndProject
Global
	GlobalSection(SolutionConfigurationPlatforms) = preSolution
		Debug|Any CPU = Debug|Any CPU
		Release|Any CPU = Release|Any CPU
	EndGlobalSection
	GlobalSection(ProjectConfigurationPlatforms) = postSolution
		{4C0AF1FB-9935-438E-956A-E27492362DD0}.Debug|Any CPU.ActiveCfg = Debug|Any CPU
		{4C0AF1FB-9935-438E-956A-E27492362DD0}.Debug|Any CPU.Build.0 = Debug|Any CPU
		{4C0AF1FB-9935-438E-956A-E27492362DD0}.Release|Any CPU.ActiveCfg = Release|Any CPU
		{4C0AF1FB-9935-438E-956A-E27492362DD0}.Release|Any CPU.Build.0 = Release|Any CPU
		{461D828B-68C1-4C13-A356-69E6953BE54A}.Debug|Any CPU.ActiveCfg = Debug|Any CPU
		{461D828B-68C1-4C13-A356-69E6953BE54A}.Debug|Any CPU.Build.0 = Debug|Any CPU
		{461D828B-68C1-4C13-A356-69E6953BE54A}.Release|Any CPU.ActiveCfg = Release|Any CPU
		{461D828B-68C1-4C13-A356-69E6953BE54A}.Release|Any CPU.Build.0 = Release|Any CPU
	EndGlobalSection
	GlobalSection(SolutionProperties) = preSolution
		HideSolutionNode = FALSE
	EndGlobalSection
	GlobalSection(ExtensibilityGlobals) = postSolution
		SolutionGuid = {7426449B-38F6-4C5E-AA89-B44AFE62E24D}
	EndGlobalSection
EndGlobal
